// !$*UTF8*$!
{
	archiveVersion = 1;
	classes = {
	};
	objectVersion = 46;
	objects = {

/* Begin PBXBuildFile section */
		F89997631D0AB8DA002A65E0 /* AppDelegate.swift in Sources */ = {isa = PBXBuildFile; fileRef = F89997621D0AB8DA002A65E0 /* AppDelegate.swift */; };
		F899976A1D0AB8DA002A65E0 /* Assets.xcassets in Resources */ = {isa = PBXBuildFile; fileRef = F89997691D0AB8DA002A65E0 /* Assets.xcassets */; };
		F899977E1D0AC212002A65E0 /* HomeTableViewController.swift in Sources */ = {isa = PBXBuildFile; fileRef = F899977D1D0AC212002A65E0 /* HomeTableViewController.swift */; };
		F89997801D0AC21E002A65E0 /* DiscoverTableViewController.swift in Sources */ = {isa = PBXBuildFile; fileRef = F899977F1D0AC21E002A65E0 /* DiscoverTableViewController.swift */; };
		F89997821D0AC22A002A65E0 /* MessageTableViewController.swift in Sources */ = {isa = PBXBuildFile; fileRef = F89997811D0AC22A002A65E0 /* MessageTableViewController.swift */; };
		F89997841D0AC239002A65E0 /* ProfileTableViewController.swift in Sources */ = {isa = PBXBuildFile; fileRef = F89997831D0AC239002A65E0 /* ProfileTableViewController.swift */; };
		F89997881D0AC579002A65E0 /* MainViewController.swift in Sources */ = {isa = PBXBuildFile; fileRef = F89997871D0AC579002A65E0 /* MainViewController.swift */; };
		F89997AB1D0C33BA002A65E0 /* Main.storyboard in Resources */ = {isa = PBXBuildFile; fileRef = F89997AA1D0C33BA002A65E0 /* Main.storyboard */; };
		F89997AF1D0C355F002A65E0 /* Home.storyboard in Resources */ = {isa = PBXBuildFile; fileRef = F89997AE1D0C355F002A65E0 /* Home.storyboard */; };
		F89997B11D0C3573002A65E0 /* Discover.storyboard in Resources */ = {isa = PBXBuildFile; fileRef = F89997B01D0C3573002A65E0 /* Discover.storyboard */; };
		F89997B31D0C3585002A65E0 /* Message.storyboard in Resources */ = {isa = PBXBuildFile; fileRef = F89997B21D0C3585002A65E0 /* Message.storyboard */; };
		F89997B51D0C3594002A65E0 /* Profile.storyboard in Resources */ = {isa = PBXBuildFile; fileRef = F89997B41D0C3594002A65E0 /* Profile.storyboard */; };
		F89C08891D0C3DB400CD47B7 /* MainVCSettings.json in Resources */ = {isa = PBXBuildFile; fileRef = F89C08871D0C3DB400CD47B7 /* MainVCSettings.json */; };
		F89C088C1D0D623100CD47B7 /* Null.storyboard in Resources */ = {isa = PBXBuildFile; fileRef = F89C088B1D0D623100CD47B7 /* Null.storyboard */; };
		F89C088E1D0D62F200CD47B7 /* NullViewController.swift in Sources */ = {isa = PBXBuildFile; fileRef = F89C088D1D0D62F200CD47B7 /* NullViewController.swift */; };
		F89C08901D0D752800CD47B7 /* UIButton+Extension.swift in Sources */ = {isa = PBXBuildFile; fileRef = F89C088F1D0D752800CD47B7 /* UIButton+Extension.swift */; };
		F89C08931D0E3BAE00CD47B7 /* CommonTableViewController.swift in Sources */ = {isa = PBXBuildFile; fileRef = F89C08911D0E3BAE00CD47B7 /* CommonTableViewController.swift */; };
		F89C08961D0E3DF300CD47B7 /* VisitorView.swift in Sources */ = {isa = PBXBuildFile; fileRef = F89C08951D0E3DF300CD47B7 /* VisitorView.swift */; };
		F89C08981D0E3E0600CD47B7 /* VisitorView.xib in Resources */ = {isa = PBXBuildFile; fileRef = F89C08971D0E3E0600CD47B7 /* VisitorView.xib */; };
		F89C089C1D0E8E9200CD47B7 /* UIBarButtonItem + Extension.swift in Sources */ = {isa = PBXBuildFile; fileRef = F89C089B1D0E8E9200CD47B7 /* UIBarButtonItem + Extension.swift */; };
		F89C089E1D0E964C00CD47B7 /* TitleButton.swift in Sources */ = {isa = PBXBuildFile; fileRef = F89C089D1D0E964C00CD47B7 /* TitleButton.swift */; };
		F89C08A21D0EA24A00CD47B7 /* PopViewController.swift in Sources */ = {isa = PBXBuildFile; fileRef = F89C08A01D0EA24A00CD47B7 /* PopViewController.swift */; };
		F89C08A51D0EA26D00CD47B7 /* TitlePresentationController.swift in Sources */ = {isa = PBXBuildFile; fileRef = F89C08A41D0EA26D00CD47B7 /* TitlePresentationController.swift */; };
		F89C08A71D0EA97D00CD47B7 /* PopViewController.storyboard in Resources */ = {isa = PBXBuildFile; fileRef = F89C08A61D0EA97D00CD47B7 /* PopViewController.storyboard */; };
		F89C08A91D0EBE4000CD47B7 /* PresentationController.swift in Sources */ = {isa = PBXBuildFile; fileRef = F89C08A81D0EBE4000CD47B7 /* PresentationController.swift */; };
		F89C08AB1D0ECCDE00CD47B7 /* CommonFile.swift in Sources */ = {isa = PBXBuildFile; fileRef = F89C08AA1D0ECCDE00CD47B7 /* CommonFile.swift */; };
/* End PBXBuildFile section */

/* Begin PBXFileReference section */
		F899975F1D0AB8DA002A65E0 /* microblog.app */ = {isa = PBXFileReference; explicitFileType = wrapper.application; includeInIndex = 0; path = microblog.app; sourceTree = BUILT_PRODUCTS_DIR; };
		F89997621D0AB8DA002A65E0 /* AppDelegate.swift */ = {isa = PBXFileReference; lastKnownFileType = sourcecode.swift; path = AppDelegate.swift; sourceTree = "<group>"; };
		F89997691D0AB8DA002A65E0 /* Assets.xcassets */ = {isa = PBXFileReference; lastKnownFileType = folder.assetcatalog; path = Assets.xcassets; sourceTree = "<group>"; };
		F899976E1D0AB8DA002A65E0 /* Info.plist */ = {isa = PBXFileReference; lastKnownFileType = text.plist.xml; path = Info.plist; sourceTree = "<group>"; };
		F899977D1D0AC212002A65E0 /* HomeTableViewController.swift */ = {isa = PBXFileReference; fileEncoding = 4; lastKnownFileType = sourcecode.swift; path = HomeTableViewController.swift; sourceTree = "<group>"; };
		F899977F1D0AC21E002A65E0 /* DiscoverTableViewController.swift */ = {isa = PBXFileReference; fileEncoding = 4; lastKnownFileType = sourcecode.swift; path = DiscoverTableViewController.swift; sourceTree = "<group>"; };
		F89997811D0AC22A002A65E0 /* MessageTableViewController.swift */ = {isa = PBXFileReference; fileEncoding = 4; lastKnownFileType = sourcecode.swift; path = MessageTableViewController.swift; sourceTree = "<group>"; };
		F89997831D0AC239002A65E0 /* ProfileTableViewController.swift */ = {isa = PBXFileReference; fileEncoding = 4; lastKnownFileType = sourcecode.swift; path = ProfileTableViewController.swift; sourceTree = "<group>"; };
		F89997871D0AC579002A65E0 /* MainViewController.swift */ = {isa = PBXFileReference; fileEncoding = 4; lastKnownFileType = sourcecode.swift; path = MainViewController.swift; sourceTree = "<group>"; };
		F89997AA1D0C33BA002A65E0 /* Main.storyboard */ = {isa = PBXFileReference; fileEncoding = 4; lastKnownFileType = file.storyboard; path = Main.storyboard; sourceTree = "<group>"; };
		F89997AE1D0C355F002A65E0 /* Home.storyboard */ = {isa = PBXFileReference; fileEncoding = 4; lastKnownFileType = file.storyboard; name = Home.storyboard; path = ../Main/Home.storyboard; sourceTree = "<group>"; };
		F89997B01D0C3573002A65E0 /* Discover.storyboard */ = {isa = PBXFileReference; fileEncoding = 4; lastKnownFileType = file.storyboard; name = Discover.storyboard; path = ../Main/Discover.storyboard; sourceTree = "<group>"; };
		F89997B21D0C3585002A65E0 /* Message.storyboard */ = {isa = PBXFileReference; fileEncoding = 4; lastKnownFileType = file.storyboard; name = Message.storyboard; path = ../Main/Message.storyboard; sourceTree = "<group>"; };
		F89997B41D0C3594002A65E0 /* Profile.storyboard */ = {isa = PBXFileReference; fileEncoding = 4; lastKnownFileType = file.storyboard; name = Profile.storyboard; path = ../Main/Profile.storyboard; sourceTree = "<group>"; };
		F89C08871D0C3DB400CD47B7 /* MainVCSettings.json */ = {isa = PBXFileReference; fileEncoding = 4; lastKnownFileType = text.json; path = MainVCSettings.json; sourceTree = "<group>"; };
		F89C088B1D0D623100CD47B7 /* Null.storyboard */ = {isa = PBXFileReference; fileEncoding = 4; lastKnownFileType = file.storyboard; path = Null.storyboard; sourceTree = "<group>"; };
		F89C088D1D0D62F200CD47B7 /* NullViewController.swift */ = {isa = PBXFileReference; fileEncoding = 4; lastKnownFileType = sourcecode.swift; path = NullViewController.swift; sourceTree = "<group>"; };
		F89C088F1D0D752800CD47B7 /* UIButton+Extension.swift */ = {isa = PBXFileReference; fileEncoding = 4; lastKnownFileType = sourcecode.swift; path = "UIButton+Extension.swift"; sourceTree = "<group>"; };
		F89C08911D0E3BAE00CD47B7 /* CommonTableViewController.swift */ = {isa = PBXFileReference; fileEncoding = 4; lastKnownFileType = sourcecode.swift; path = CommonTableViewController.swift; sourceTree = "<group>"; };
		F89C08951D0E3DF300CD47B7 /* VisitorView.swift */ = {isa = PBXFileReference; fileEncoding = 4; lastKnownFileType = sourcecode.swift; path = VisitorView.swift; sourceTree = "<group>"; };
		F89C08971D0E3E0600CD47B7 /* VisitorView.xib */ = {isa = PBXFileReference; fileEncoding = 4; lastKnownFileType = file.xib; path = VisitorView.xib; sourceTree = "<group>"; };
		F89C089B1D0E8E9200CD47B7 /* UIBarButtonItem + Extension.swift */ = {isa = PBXFileReference; fileEncoding = 4; lastKnownFileType = sourcecode.swift; path = "UIBarButtonItem + Extension.swift"; sourceTree = "<group>"; };
		F89C089D1D0E964C00CD47B7 /* TitleButton.swift */ = {isa = PBXFileReference; fileEncoding = 4; lastKnownFileType = sourcecode.swift; path = TitleButton.swift; sourceTree = "<group>"; };
		F89C08A01D0EA24A00CD47B7 /* PopViewController.swift */ = {isa = PBXFileReference; fileEncoding = 4; lastKnownFileType = sourcecode.swift; path = PopViewController.swift; sourceTree = "<group>"; };
		F89C08A41D0EA26D00CD47B7 /* TitlePresentationController.swift */ = {isa = PBXFileReference; fileEncoding = 4; lastKnownFileType = sourcecode.swift; path = TitlePresentationController.swift; sourceTree = "<group>"; };
		F89C08A61D0EA97D00CD47B7 /* PopViewController.storyboard */ = {isa = PBXFileReference; fileEncoding = 4; lastKnownFileType = file.storyboard; path = PopViewController.storyboard; sourceTree = "<group>"; };
		F89C08A81D0EBE4000CD47B7 /* PresentationController.swift */ = {isa = PBXFileReference; fileEncoding = 4; lastKnownFileType = sourcecode.swift; path = PresentationController.swift; sourceTree = "<group>"; };
		F89C08AA1D0ECCDE00CD47B7 /* CommonFile.swift */ = {isa = PBXFileReference; fileEncoding = 4; lastKnownFileType = sourcecode.swift; path = CommonFile.swift; sourceTree = "<group>"; };
/* End PBXFileReference section */

/* Begin PBXFrameworksBuildPhase section */
		F899975C1D0AB8DA002A65E0 /* Frameworks */ = {
			isa = PBXFrameworksBuildPhase;
			buildActionMask = 2147483647;
			files = (
			);
			runOnlyForDeploymentPostprocessing = 0;
		};
/* End PBXFrameworksBuildPhase section */

/* Begin PBXGroup section */
		F89997561D0AB8DA002A65E0 = {
			isa = PBXGroup;
			children = (
				F89997611D0AB8DA002A65E0 /* microblog */,
				F89997601D0AB8DA002A65E0 /* Products */,
			);
			sourceTree = "<group>";
		};
		F89997601D0AB8DA002A65E0 /* Products */ = {
			isa = PBXGroup;
			children = (
				F899975F1D0AB8DA002A65E0 /* microblog.app */,
			);
			name = Products;
			sourceTree = "<group>";
		};
		F89997611D0AB8DA002A65E0 /* microblog */ = {
			isa = PBXGroup;
			children = (
				F89997741D0AC1C2002A65E0 /* Classes */,
				F89997621D0AB8DA002A65E0 /* AppDelegate.swift */,
				F89997691D0AB8DA002A65E0 /* Assets.xcassets */,
				F899976E1D0AB8DA002A65E0 /* Info.plist */,
			);
			path = microblog;
			sourceTree = "<group>";
		};
		F89997741D0AC1C2002A65E0 /* Classes */ = {
			isa = PBXGroup;
			children = (
				F89997771D0AC1C2002A65E0 /* Main */,
				F89997761D0AC1C2002A65E0 /* Home */,
				F89997751D0AC1C2002A65E0 /* Discover */,
				F89997781D0AC1C2002A65E0 /* Message */,
				F89997791D0AC1C2002A65E0 /* Profile */,
				F899977A1D0AC1C2002A65E0 /* Tools */,
			);
			path = Classes;
			sourceTree = "<group>";
		};
		F89997751D0AC1C2002A65E0 /* Discover */ = {
			isa = PBXGroup;
			children = (
				F899977F1D0AC21E002A65E0 /* DiscoverTableViewController.swift */,
				F89997B01D0C3573002A65E0 /* Discover.storyboard */,
			);
			path = Discover;
			sourceTree = "<group>";
		};
		F89997761D0AC1C2002A65E0 /* Home */ = {
			isa = PBXGroup;
			children = (
				F89C089F1D0EA20F00CD47B7 /* TitlePopView */,
				F899977D1D0AC212002A65E0 /* HomeTableViewController.swift */,
				F89997AE1D0C355F002A65E0 /* Home.storyboard */,
			);
			path = Home;
			sourceTree = "<group>";
		};
		F89997771D0AC1C2002A65E0 /* Main */ = {
			isa = PBXGroup;
			children = (
				F89C08861D0C3DB400CD47B7 /* Resource */,
				F89997871D0AC579002A65E0 /* MainViewController.swift */,
				F89997AA1D0C33BA002A65E0 /* Main.storyboard */,
				F89C08911D0E3BAE00CD47B7 /* CommonTableViewController.swift */,
				F89C08951D0E3DF300CD47B7 /* VisitorView.swift */,
				F89C08971D0E3E0600CD47B7 /* VisitorView.xib */,
			);
			path = Main;
			sourceTree = "<group>";
		};
		F89997781D0AC1C2002A65E0 /* Message */ = {
			isa = PBXGroup;
			children = (
				F89997811D0AC22A002A65E0 /* MessageTableViewController.swift */,
				F89997B21D0C3585002A65E0 /* Message.storyboard */,
			);
			path = Message;
			sourceTree = "<group>";
		};
		F89997791D0AC1C2002A65E0 /* Profile */ = {
			isa = PBXGroup;
			children = (
				F89997831D0AC239002A65E0 /* ProfileTableViewController.swift */,
				F89997B41D0C3594002A65E0 /* Profile.storyboard */,
			);
			path = Profile;
			sourceTree = "<group>";
		};
		F899977A1D0AC1C2002A65E0 /* Tools */ = {
			isa = PBXGroup;
			children = (
				F89C088F1D0D752800CD47B7 /* UIButton+Extension.swift */,
				F89C089B1D0E8E9200CD47B7 /* UIBarButtonItem + Extension.swift */,
				F89C089D1D0E964C00CD47B7 /* TitleButton.swift */,
				F89C08AA1D0ECCDE00CD47B7 /* CommonFile.swift */,
			);
			path = Tools;
			sourceTree = "<group>";
		};
		F89C08861D0C3DB400CD47B7 /* Resource */ = {
			isa = PBXGroup;
			children = (
				F89C08871D0C3DB400CD47B7 /* MainVCSettings.json */,
				F89C088D1D0D62F200CD47B7 /* NullViewController.swift */,
				F89C088B1D0D623100CD47B7 /* Null.storyboard */,
			);
			path = Resource;
			sourceTree = "<group>";
		};
		F89C089F1D0EA20F00CD47B7 /* TitlePopView */ = {
			isa = PBXGroup;
			children = (
				F89C08A61D0EA97D00CD47B7 /* PopViewController.storyboard */,
				F89C08A01D0EA24A00CD47B7 /* PopViewController.swift */,
				F89C08A41D0EA26D00CD47B7 /* TitlePresentationController.swift */,
				F89C08A81D0EBE4000CD47B7 /* PresentationController.swift */,
			);
			path = TitlePopView;
			sourceTree = "<group>";
		};
/* End PBXGroup section */

/* Begin PBXNativeTarget section */
		F899975E1D0AB8DA002A65E0 /* microblog */ = {
			isa = PBXNativeTarget;
			buildConfigurationList = F89997711D0AB8DA002A65E0 /* Build configuration list for PBXNativeTarget "microblog" */;
			buildPhases = (
				F899975B1D0AB8DA002A65E0 /* Sources */,
				F899975C1D0AB8DA002A65E0 /* Frameworks */,
				F899975D1D0AB8DA002A65E0 /* Resources */,
			);
			buildRules = (
			);
			dependencies = (
			);
			name = microblog;
			productName = microblog;
			productReference = F899975F1D0AB8DA002A65E0 /* microblog.app */;
			productType = "com.apple.product-type.application";
		};
/* End PBXNativeTarget section */

/* Begin PBXProject section */
		F89997571D0AB8DA002A65E0 /* Project object */ = {
			isa = PBXProject;
			attributes = {
				LastSwiftUpdateCheck = 0730;
				LastUpgradeCheck = 0730;
				ORGANIZATIONNAME = "秦海川";
				TargetAttributes = {
					F899975E1D0AB8DA002A65E0 = {
						CreatedOnToolsVersion = 7.3.1;
						DevelopmentTeam = EU8Z6W74BP;
					};
				};
			};
			buildConfigurationList = F899975A1D0AB8DA002A65E0 /* Build configuration list for PBXProject "microblog" */;
			compatibilityVersion = "Xcode 3.2";
			developmentRegion = English;
			hasScannedForEncodings = 0;
			knownRegions = (
				en,
				Base,
			);
			mainGroup = F89997561D0AB8DA002A65E0;
			productRefGroup = F89997601D0AB8DA002A65E0 /* Products */;
			projectDirPath = "";
			projectRoot = "";
			targets = (
				F899975E1D0AB8DA002A65E0 /* microblog */,
			);
		};
/* End PBXProject section */

/* Begin PBXResourcesBuildPhase section */
		F899975D1D0AB8DA002A65E0 /* Resources */ = {
			isa = PBXResourcesBuildPhase;
			buildActionMask = 2147483647;
			files = (
				F89997B51D0C3594002A65E0 /* Profile.storyboard in Resources */,
				F89C088C1D0D623100CD47B7 /* Null.storyboard in Resources */,
				F89997AF1D0C355F002A65E0 /* Home.storyboard in Resources */,
				F89C08891D0C3DB400CD47B7 /* MainVCSettings.json in Resources */,
				F89997B11D0C3573002A65E0 /* Discover.storyboard in Resources */,
				F89997B31D0C3585002A65E0 /* Message.storyboard in Resources */,
				F899976A1D0AB8DA002A65E0 /* Assets.xcassets in Resources */,
				F89997AB1D0C33BA002A65E0 /* Main.storyboard in Resources */,
				F89C08A71D0EA97D00CD47B7 /* PopViewController.storyboard in Resources */,
				F89C08981D0E3E0600CD47B7 /* VisitorView.xib in Resources */,
			);
			runOnlyForDeploymentPostprocessing = 0;
		};
/* End PBXResourcesBuildPhase section */

/* Begin PBXSourcesBuildPhase section */
		F899975B1D0AB8DA002A65E0 /* Sources */ = {
			isa = PBXSourcesBuildPhase;
			buildActionMask = 2147483647;
			files = (
				F89997841D0AC239002A65E0 /* ProfileTableViewController.swift in Sources */,
				F899977E1D0AC212002A65E0 /* HomeTableViewController.swift in Sources */,
				F89997631D0AB8DA002A65E0 /* AppDelegate.swift in Sources */,
				F89C089C1D0E8E9200CD47B7 /* UIBarButtonItem + Extension.swift in Sources */,
				F89C08AB1D0ECCDE00CD47B7 /* CommonFile.swift in Sources */,
				F89997881D0AC579002A65E0 /* MainViewController.swift in Sources */,
				F89C08931D0E3BAE00CD47B7 /* CommonTableViewController.swift in Sources */,
				F89997821D0AC22A002A65E0 /* MessageTableViewController.swift in Sources */,
				F89C08901D0D752800CD47B7 /* UIButton+Extension.swift in Sources */,
				F89C08A51D0EA26D00CD47B7 /* TitlePresentationController.swift in Sources */,
				F89C08A21D0EA24A00CD47B7 /* PopViewController.swift in Sources */,
				F89C08961D0E3DF300CD47B7 /* VisitorView.swift in Sources */,
				F89997801D0AC21E002A65E0 /* DiscoverTableViewController.swift in Sources */,
				F89C089E1D0E964C00CD47B7 /* TitleButton.swift in Sources */,
				F89C088E1D0D62F200CD47B7 /* NullViewController.swift in Sources */,
				F89C08A91D0EBE4000CD47B7 /* PresentationController.swift in Sources */,
			);
			runOnlyForDeploymentPostprocessing = 0;
		};
/* End PBXSourcesBuildPhase section */

/* Begin XCBuildConfiguration section */
		F899976F1D0AB8DA002A65E0 /* Debug */ = {
			isa = XCBuildConfiguration;
			buildSettings = {
				ALWAYS_SEARCH_USER_PATHS = NO;
				CLANG_ANALYZER_NONNULL = YES;
				CLANG_CXX_LANGUAGE_STANDARD = "gnu++0x";
				CLANG_CXX_LIBRARY = "libc++";
				CLANG_ENABLE_MODULES = YES;
				CLANG_ENABLE_OBJC_ARC = YES;
				CLANG_WARN_BOOL_CONVERSION = YES;
				CLANG_WARN_CONSTANT_CONVERSION = YES;
				CLANG_WARN_DIRECT_OBJC_ISA_USAGE = YES_ERROR;
				CLANG_WARN_EMPTY_BODY = YES;
				CLANG_WARN_ENUM_CONVERSION = YES;
				CLANG_WARN_INT_CONVERSION = YES;
				CLANG_WARN_OBJC_ROOT_CLASS = YES_ERROR;
				CLANG_WARN_UNREACHABLE_CODE = YES;
				CLANG_WARN__DUPLICATE_METHOD_MATCH = YES;
				"CODE_SIGN_IDENTITY[sdk=iphoneos*]" = "iPhone Developer";
				COPY_PHASE_STRIP = NO;
				DEBUG_INFORMATION_FORMAT = dwarf;
				ENABLE_STRICT_OBJC_MSGSEND = YES;
				ENABLE_TESTABILITY = YES;
				GCC_C_LANGUAGE_STANDARD = gnu99;
				GCC_DYNAMIC_NO_PIC = NO;
				GCC_NO_COMMON_BLOCKS = YES;
				GCC_OPTIMIZATION_LEVEL = 0;
				GCC_PREPROCESSOR_DEFINITIONS = (
					"DEBUG=1",
					"$(inherited)",
				);
				GCC_WARN_64_TO_32_BIT_CONVERSION = YES;
				GCC_WARN_ABOUT_RETURN_TYPE = YES_ERROR;
				GCC_WARN_UNDECLARED_SELECTOR = YES;
				GCC_WARN_UNINITIALIZED_AUTOS = YES_AGGRESSIVE;
				GCC_WARN_UNUSED_FUNCTION = YES;
				GCC_WARN_UNUSED_VARIABLE = YES;
				IPHONEOS_DEPLOYMENT_TARGET = 9.3;
				MTL_ENABLE_DEBUG_INFO = YES;
				ONLY_ACTIVE_ARCH = YES;
				SDKROOT = iphoneos;
				SWIFT_OPTIMIZATION_LEVEL = "-Onone";
				TARGETED_DEVICE_FAMILY = "1,2";
			};
			name = Debug;
		};
		F89997701D0AB8DA002A65E0 /* Release */ = {
			isa = XCBuildConfiguration;
			buildSettings = {
				ALWAYS_SEARCH_USER_PATHS = NO;
				CLANG_ANALYZER_NONNULL = YES;
				CLANG_CXX_LANGUAGE_STANDARD = "gnu++0x";
				CLANG_CXX_LIBRARY = "libc++";
				CLANG_ENABLE_MODULES = YES;
				CLANG_ENABLE_OBJC_ARC = YES;
				CLANG_WARN_BOOL_CONVERSION = YES;
				CLANG_WARN_CONSTANT_CONVERSION = YES;
				CLANG_WARN_DIRECT_OBJC_ISA_USAGE = YES_ERROR;
				CLANG_WARN_EMPTY_BODY = YES;
				CLANG_WARN_ENUM_CONVERSION = YES;
				CLANG_WARN_INT_CONVERSION = YES;
				CLANG_WARN_OBJC_ROOT_CLASS = YES_ERROR;
				CLANG_WARN_UNREACHABLE_CODE = YES;
				CLANG_WARN__DUPLICATE_METHOD_MATCH = YES;
				"CODE_SIGN_IDENTITY[sdk=iphoneos*]" = "iPhone Developer";
				COPY_PHASE_STRIP = NO;
				DEBUG_INFORMATION_FORMAT = "dwarf-with-dsym";
				ENABLE_NS_ASSERTIONS = NO;
				ENABLE_STRICT_OBJC_MSGSEND = YES;
				GCC_C_LANGUAGE_STANDARD = gnu99;
				GCC_NO_COMMON_BLOCKS = YES;
				GCC_WARN_64_TO_32_BIT_CONVERSION = YES;
				GCC_WARN_ABOUT_RETURN_TYPE = YES_ERROR;
				GCC_WARN_UNDECLARED_SELECTOR = YES;
				GCC_WARN_UNINITIALIZED_AUTOS = YES_AGGRESSIVE;
				GCC_WARN_UNUSED_FUNCTION = YES;
				GCC_WARN_UNUSED_VARIABLE = YES;
				IPHONEOS_DEPLOYMENT_TARGET = 9.3;
				MTL_ENABLE_DEBUG_INFO = NO;
				SDKROOT = iphoneos;
				TARGETED_DEVICE_FAMILY = "1,2";
				VALIDATE_PRODUCT = YES;
			};
			name = Release;
		};
		F89997721D0AB8DA002A65E0 /* Debug */ = {
			isa = XCBuildConfiguration;
			buildSettings = {
				ASSETCATALOG_COMPILER_APPICON_NAME = AppIcon;
				ASSETCATALOG_COMPILER_LAUNCHIMAGE_NAME = "Brand Assets";
				INFOPLIST_FILE = microblog/Info.plist;
				IPHONEOS_DEPLOYMENT_TARGET = 9.0;
				LD_RUNPATH_SEARCH_PATHS = "$(inherited) @executable_path/Frameworks";
				"OTHER_SWIFT_FLAGS[arch=*]" = "-D DEBUG";
				PRODUCT_BUNDLE_IDENTIFIER = QHC.microblog;
				PRODUCT_NAME = "$(TARGET_NAME)";
			};
			name = Debug;
		};
		F89997731D0AB8DA002A65E0 /* Release */ = {
			isa = XCBuildConfiguration;
			buildSettings = {
				ASSETCATALOG_COMPILER_APPICON_NAME = AppIcon;
				ASSETCATALOG_COMPILER_LAUNCHIMAGE_NAME = "Brand Assets";
				INFOPLIST_FILE = microblog/Info.plist;
				IPHONEOS_DEPLOYMENT_TARGET = 9.0;
				LD_RUNPATH_SEARCH_PATHS = "$(inherited) @executable_path/Frameworks";
				PRODUCT_BUNDLE_IDENTIFIER = QHC.microblog;
				PRODUCT_NAME = "$(TARGET_NAME)";
			};
			name = Release;
		};
/* End XCBuildConfiguration section */

/* Begin XCConfigurationList section */
		F899975A1D0AB8DA002A65E0 /* Build configuration list for PBXProject "microblog" */ = {
			isa = XCConfigurationList;
			buildConfigurations = (
				F899976F1D0AB8DA002A65E0 /* Debug */,
				F89997701D0AB8DA002A65E0 /* Release */,
			);
			defaultConfigurationIsVisible = 0;
			defaultConfigurationName = Release;
		};
		F89997711D0AB8DA002A65E0 /* Build configuration list for PBXNativeTarget "microblog" */ = {
			isa = XCConfigurationList;
			buildConfigurations = (
				F89997721D0AB8DA002A65E0 /* Debug */,
				F89997731D0AB8DA002A65E0 /* Release */,
			);
			defaultConfigurationIsVisible = 0;
			defaultConfigurationName = Release;
		};
/* End XCConfigurationList section */
	};
	rootObject = F89997571D0AB8DA002A65E0 /* Project object */;
}
