// !$*UTF8*$!
{
	archiveVersion = 1;
	classes = {
	};
	objectVersion = 46;
	objects = {

/* Begin PBXBuildFile section */
		F89997631D0AB8DA002A65E0 /* AppDelegate.swift in Sources */ = {isa = PBXBuildFile; fileRef = F89997621D0AB8DA002A65E0 /* AppDelegate.swift */; };
		F89997651D0AB8DA002A65E0 /* ViewController.swift in Sources */ = {isa = PBXBuildFile; fileRef = F89997641D0AB8DA002A65E0 /* ViewController.swift */; };
		F89997681D0AB8DA002A65E0 /* Main.storyboard in Resources */ = {isa = PBXBuildFile; fileRef = F89997661D0AB8DA002A65E0 /* Main.storyboard */; };
		F899976A1D0AB8DA002A65E0 /* Assets.xcassets in Resources */ = {isa = PBXBuildFile; fileRef = F89997691D0AB8DA002A65E0 /* Assets.xcassets */; };
		F899976D1D0AB8DA002A65E0 /* LaunchScreen.storyboard in Resources */ = {isa = PBXBuildFile; fileRef = F899976B1D0AB8DA002A65E0 /* LaunchScreen.storyboard */; };
/* End PBXBuildFile section */

/* Begin PBXFileReference section */
		F899975F1D0AB8DA002A65E0 /* microblog.app */ = {isa = PBXFileReference; explicitFileType = wrapper.application; includeInIndex = 0; path = microblog.app; sourceTree = BUILT_PRODUCTS_DIR; };
		F89997621D0AB8DA002A65E0 /* AppDelegate.swift */ = {isa = PBXFileReference; lastKnownFileType = sourcecode.swift; path = AppDelegate.swift; sourceTree = "<group>"; };
		F89997641D0AB8DA002A65E0 /* ViewController.swift */ = {isa = PBXFileReference; lastKnownFileType = sourcecode.swift; path = ViewController.swift; sourceTree = "<group>"; };
		F89997671D0AB8DA002A65E0 /* Base */ = {isa = PBXFileReference; lastKnownFileType = file.storyboard; name = Base; path = Base.lproj/Main.storyboard; sourceTree = "<group>"; };
		F89997691D0AB8DA002A65E0 /* Assets.xcassets */ = {isa = PBXFileReference; lastKnownFileType = folder.assetcatalog; path = Assets.xcassets; sourceTree = "<group>"; };
		F899976C1D0AB8DA002A65E0 /* Base */ = {isa = PBXFileReference; lastKnownFileType = file.storyboard; name = Base; path = Base.lproj/LaunchScreen.storyboard; sourceTree = "<group>"; };
		F899976E1D0AB8DA002A65E0 /* Info.plist */ = {isa = PBXFileReference; lastKnownFileType = text.plist.xml; path = Info.plist; sourceTree = "<group>"; };
/* End PBXFileReference section */

/* Begin PBXFrameworksBuildPhase section */
		F899975C1D0AB8DA002A65E0 /* Frameworks */ = {
			isa = PBXFrameworksBuildPhase;
			buildActionMask = 2147483647;
			files = (
			);
			runOnlyForDeploymentPostprocessing = 0;
		};
/* End PBXFrameworksBuildPhase section */

/* Begin PBXGroup section */
		F89997561D0AB8DA002A65E0 = {
			isa = PBXGroup;
			children = (
				F89997611D0AB8DA002A65E0 /* microblog */,
				F89997601D0AB8DA002A65E0 /* Products */,
			);
			sourceTree = "<group>";
		};
		F89997601D0AB8DA002A65E0 /* Products */ = {
			isa = PBXGroup;
			children = (
				F899975F1D0AB8DA002A65E0 /* microblog.app */,
			);
			name = Products;
			sourceTree = "<group>";
		};
		F89997611D0AB8DA002A65E0 /* microblog */ = {
			isa = PBXGroup;
			children = (
				F89997621D0AB8DA002A65E0 /* AppDelegate.swift */,
				F89997641D0AB8DA002A65E0 /* ViewController.swift */,
				F89997661D0AB8DA002A65E0 /* Main.storyboard */,
				F89997691D0AB8DA002A65E0 /* Assets.xcassets */,
				F899976B1D0AB8DA002A65E0 /* LaunchScreen.storyboard */,
				F899976E1D0AB8DA002A65E0 /* Info.plist */,
			);
			path = microblog;
			sourceTree = "<group>";
		};
/* End PBXGroup section */

/* Begin PBXNativeTarget section */
		F899975E1D0AB8DA002A65E0 /* microblog */ = {
			isa = PBXNativeTarget;
			buildConfigurationList = F89997711D0AB8DA002A65E0 /* Build configuration list for PBXNativeTarget "microblog" */;
			buildPhases = (
				F899975B1D0AB8DA002A65E0 /* Sources */,
				F899975C1D0AB8DA002A65E0 /* Frameworks */,
				F899975D1D0AB8DA002A65E0 /* Resources */,
			);
			buildRules = (
			);
			dependencies = (
			);
			name = microblog;
			productName = microblog;
			productReference = F899975F1D0AB8DA002A65E0 /* microblog.app */;
			productType = "com.apple.product-type.application";
		};
/* End PBXNativeTarget section */

/* Begin PBXProject section */
		F89997571D0AB8DA002A65E0 /* Project object */ = {
			isa = PBXProject;
			attributes = {
				LastSwiftUpdateCheck = 0730;
				LastUpgradeCheck = 0730;
				ORGANIZATIONNAME = "秦海川";
				TargetAttributes = {
					F899975E1D0AB8DA002A65E0 = {
						CreatedOnToolsVersion = 7.3.1;
						DevelopmentTeam = EU8Z6W74BP;
					};
				};
			};
			buildConfigurationList = F899975A1D0AB8DA002A65E0 /* Build configuration list for PBXProject "microblog" */;
			compatibilityVersion = "Xcode 3.2";
			developmentRegion = English;
			hasScannedForEncodings = 0;
			knownRegions = (
				en,
				Base,
			);
			mainGroup = F89997561D0AB8DA002A65E0;
			productRefGroup = F89997601D0AB8DA002A65E0 /* Products */;
			projectDirPath = "";
			projectRoot = "";
			targets = (
				F899975E1D0AB8DA002A65E0 /* microblog */,
			);
		};
/* End PBXProject section */

/* Begin PBXResourcesBuildPhase section */
		F899975D1D0AB8DA002A65E0 /* Resources */ = {
			isa = PBXResourcesBuildPhase;
			buildActionMask = 2147483647;
			files = (
				F899976D1D0AB8DA002A65E0 /* LaunchScreen.storyboard in Resources */,
				F899976A1D0AB8DA002A65E0 /* Assets.xcassets in Resources */,
				F89997681D0AB8DA002A65E0 /* Main.storyboard in Resources */,
			);
			runOnlyForDeploymentPostprocessing = 0;
		};
/* End PBXResourcesBuildPhase section */

/* Begin PBXSourcesBuildPhase section */
		F899975B1D0AB8DA002A65E0 /* Sources */ = {
			isa = PBXSourcesBuildPhase;
			buildActionMask = 2147483647;
			files = (
				F89997651D0AB8DA002A65E0 /* ViewController.swift in Sources */,
				F89997631D0AB8DA002A65E0 /* AppDelegate.swift in Sources */,
			);
			runOnlyForDeploymentPostprocessing = 0;
		};
/* End PBXSourcesBuildPhase section */

/* Begin PBXVariantGroup section */
		F89997661D0AB8DA002A65E0 /* Main.storyboard */ = {
			isa = PBXVariantGroup;
			children = (
				F89997671D0AB8DA002A65E0 /* Base */,
			);
			name = Main.storyboard;
			sourceTree = "<group>";
		};
		F899976B1D0AB8DA002A65E0 /* LaunchScreen.storyboard */ = {
			isa = PBXVariantGroup;
			children = (
				F899976C1D0AB8DA002A65E0 /* Base */,
			);
			name = LaunchScreen.storyboard;
			sourceTree = "<group>";
		};
/* End PBXVariantGroup section */

/* Begin XCBuildConfiguration section */
		F899976F1D0AB8DA002A65E0 /* Debug */ = {
			isa = XCBuildConfiguration;
			buildSettings = {
				ALWAYS_SEARCH_USER_PATHS = NO;
				CLANG_ANALYZER_NONNULL = YES;
				CLANG_CXX_LANGUAGE_STANDARD = "gnu++0x";
				CLANG_CXX_LIBRARY = "libc++";
				CLANG_ENABLE_MODULES = YES;
				CLANG_ENABLE_OBJC_ARC = YES;
				CLANG_WARN_BOOL_CONVERSION = YES;
				CLANG_WARN_CONSTANT_CONVERSION = YES;
				CLANG_WARN_DIRECT_OBJC_ISA_USAGE = YES_ERROR;
				CLANG_WARN_EMPTY_BODY = YES;
				CLANG_WARN_ENUM_CONVERSION = YES;
				CLANG_WARN_INT_CONVERSION = YES;
				CLANG_WARN_OBJC_ROOT_CLASS = YES_ERROR;
				CLANG_WARN_UNREACHABLE_CODE = YES;
				CLANG_WARN__DUPLICATE_METHOD_MATCH = YES;
				"CODE_SIGN_IDENTITY[sdk=iphoneos*]" = "iPhone Developer";
				COPY_PHASE_STRIP = NO;
				DEBUG_INFORMATION_FORMAT = dwarf;
				ENABLE_STRICT_OBJC_MSGSEND = YES;
				ENABLE_TESTABILITY = YES;
				GCC_C_LANGUAGE_STANDARD = gnu99;
				GCC_DYNAMIC_NO_PIC = NO;
				GCC_NO_COMMON_BLOCKS = YES;
				GCC_OPTIMIZATION_LEVEL = 0;
				GCC_PREPROCESSOR_DEFINITIONS = (
					"DEBUG=1",
					"$(inherited)",
				);
				GCC_WARN_64_TO_32_BIT_CONVERSION = YES;
				GCC_WARN_ABOUT_RETURN_TYPE = YES_ERROR;
				GCC_WARN_UNDECLARED_SELECTOR = YES;
				GCC_WARN_UNINITIALIZED_AUTOS = YES_AGGRESSIVE;
				GCC_WARN_UNUSED_FUNCTION = YES;
				GCC_WARN_UNUSED_VARIABLE = YES;
				IPHONEOS_DEPLOYMENT_TARGET = 9.3;
				MTL_ENABLE_DEBUG_INFO = YES;
				ONLY_ACTIVE_ARCH = YES;
				SDKROOT = iphoneos;
				SWIFT_OPTIMIZATION_LEVEL = "-Onone";
				TARGETED_DEVICE_FAMILY = "1,2";
			};
			name = Debug;
		};
		F89997701D0AB8DA002A65E0 /* Release */ = {
			isa = XCBuildConfiguration;
			buildSettings = {
				ALWAYS_SEARCH_USER_PATHS = NO;
				CLANG_ANALYZER_NONNULL = YES;
				CLANG_CXX_LANGUAGE_STANDARD = "gnu++0x";
				CLANG_CXX_LIBRARY = "libc++";
				CLANG_ENABLE_MODULES = YES;
				CLANG_ENABLE_OBJC_ARC = YES;
				CLANG_WARN_BOOL_CONVERSION = YES;
				CLANG_WARN_CONSTANT_CONVERSION = YES;
				CLANG_WARN_DIRECT_OBJC_ISA_USAGE = YES_ERROR;
				CLANG_WARN_EMPTY_BODY = YES;
				CLANG_WARN_ENUM_CONVERSION = YES;
				CLANG_WARN_INT_CONVERSION = YES;
				CLANG_WARN_OBJC_ROOT_CLASS = YES_ERROR;
				CLANG_WARN_UNREACHABLE_CODE = YES;
				CLANG_WARN__DUPLICATE_METHOD_MATCH = YES;
				"CODE_SIGN_IDENTITY[sdk=iphoneos*]" = "iPhone Developer";
				COPY_PHASE_STRIP = NO;
				DEBUG_INFORMATION_FORMAT = "dwarf-with-dsym";
				ENABLE_NS_ASSERTIONS = NO;
				ENABLE_STRICT_OBJC_MSGSEND = YES;
				GCC_C_LANGUAGE_STANDARD = gnu99;
				GCC_NO_COMMON_BLOCKS = YES;
				GCC_WARN_64_TO_32_BIT_CONVERSION = YES;
				GCC_WARN_ABOUT_RETURN_TYPE = YES_ERROR;
				GCC_WARN_UNDECLARED_SELECTOR = YES;
				GCC_WARN_UNINITIALIZED_AUTOS = YES_AGGRESSIVE;
				GCC_WARN_UNUSED_FUNCTION = YES;
				GCC_WARN_UNUSED_VARIABLE = YES;
				IPHONEOS_DEPLOYMENT_TARGET = 9.3;
				MTL_ENABLE_DEBUG_INFO = NO;
				SDKROOT = iphoneos;
				TARGETED_DEVICE_FAMILY = "1,2";
				VALIDATE_PRODUCT = YES;
			};
			name = Release;
		};
		F89997721D0AB8DA002A65E0 /* Debug */ = {
			isa = XCBuildConfiguration;
			buildSettings = {
				ASSETCATALOG_COMPILER_APPICON_NAME = AppIcon;
				INFOPLIST_FILE = microblog/Info.plist;
				LD_RUNPATH_SEARCH_PATHS = "$(inherited) @executable_path/Frameworks";
				PRODUCT_BUNDLE_IDENTIFIER = QHC.microblog;
				PRODUCT_NAME = "$(TARGET_NAME)";
			};
			name = Debug;
		};
		F89997731D0AB8DA002A65E0 /* Release */ = {
			isa = XCBuildConfiguration;
			buildSettings = {
				ASSETCATALOG_COMPILER_APPICON_NAME = AppIcon;
				INFOPLIST_FILE = microblog/Info.plist;
				LD_RUNPATH_SEARCH_PATHS = "$(inherited) @executable_path/Frameworks";
				PRODUCT_BUNDLE_IDENTIFIER = QHC.microblog;
				PRODUCT_NAME = "$(TARGET_NAME)";
			};
			name = Release;
		};
/* End XCBuildConfiguration section */

/* Begin XCConfigurationList section */
		F899975A1D0AB8DA002A65E0 /* Build configuration list for PBXProject "microblog" */ = {
			isa = XCConfigurationList;
			buildConfigurations = (
				F899976F1D0AB8DA002A65E0 /* Debug */,
				F89997701D0AB8DA002A65E0 /* Release */,
			);
			defaultConfigurationIsVisible = 0;
			defaultConfigurationName = Release;
		};
		F89997711D0AB8DA002A65E0 /* Build configuration list for PBXNativeTarget "microblog" */ = {
			isa = XCConfigurationList;
			buildConfigurations = (
				F89997721D0AB8DA002A65E0 /* Debug */,
				F89997731D0AB8DA002A65E0 /* Release */,
			);
			defaultConfigurationIsVisible = 0;
		};
/* End XCConfigurationList section */
	};
	rootObject = F89997571D0AB8DA002A65E0 /* Project object */;
}
